
Microsoft Visual Studio Solution File, Format Version 12.00
# Visual Studio Version 16
VisualStudioVersion = 16.0.29609.76
MinimumVisualStudioVersion = 10.0.40219.1
Project("{9A19103F-16F7-4668-BE54-9A1E7A4F7556}") = "CompanyManager.Web", "CompanyManager.Web\CompanyManager.Web.csproj", "{0837C8BD-62C1-4643-B3E6-CD84D0B8AED6}"
EndProject
Project("{9A19103F-16F7-4668-BE54-9A1E7A4F7556}") = "CompanyManager.Business", "CompanyManager.Business\CompanyManager.Business.csproj", "{464D69A2-EDB8-4CF8-ADDC-26FEA73DAE71}"
EndProject
Project("{9A19103F-16F7-4668-BE54-9A1E7A4F7556}") = "CompanyManager.Data", "CompanyManager.Data\CompanyManager.Data.csproj", "{875C5F1B-2209-44F8-B57C-D4ACED4FC3AD}"
EndProject
Project("{2150E333-8FDC-42A3-9474-1A3956D46DE8}") = "SolutionItems", "SolutionItems", "{A344F976-A272-4E00-832A-EBB3FCB97CCB}"
	ProjectSection(SolutionItems) = preProject
		stylecop.json = stylecop.json
		test.ruleset = test.ruleset
	EndProjectSection
EndProject
Project("{9A19103F-16F7-4668-BE54-9A1E7A4F7556}") = "CompanyManager.Models", "CompanyManager.Models\CompanyManager.Models.csproj", "{1A5C715C-18F2-4971-B878-FEF5CCD6A4C9}"
EndProject
Project("{FAE04EC0-301F-11D3-BF4B-00C04F79EFBC}") = "CompanyManager.Assistant", "CompanyManager.Assistant\CompanyManager.Assistant.csproj", "{8AE4D3C6-A1B5-4E8B-A85D-0BFACE49A2DC}"
EndProject
Global
	GlobalSection(SolutionConfigurationPlatforms) = preSolution
		Debug|Any CPU = Debug|Any CPU
		Release|Any CPU = Release|Any CPU
	EndGlobalSection
	GlobalSection(ProjectConfigurationPlatforms) = postSolution
		{0837C8BD-62C1-4643-B3E6-CD84D0B8AED6}.Debug|Any CPU.ActiveCfg = Debug|Any CPU
		{0837C8BD-62C1-4643-B3E6-CD84D0B8AED6}.Debug|Any CPU.Build.0 = Debug|Any CPU
		{0837C8BD-62C1-4643-B3E6-CD84D0B8AED6}.Release|Any CPU.ActiveCfg = Release|Any CPU
		{0837C8BD-62C1-4643-B3E6-CD84D0B8AED6}.Release|Any CPU.Build.0 = Release|Any CPU
		{464D69A2-EDB8-4CF8-ADDC-26FEA73DAE71}.Debug|Any CPU.ActiveCfg = Debug|Any CPU
		{464D69A2-EDB8-4CF8-ADDC-26FEA73DAE71}.Debug|Any CPU.Build.0 = Debug|Any CPU
		{464D69A2-EDB8-4CF8-ADDC-26FEA73DAE71}.Release|Any CPU.ActiveCfg = Release|Any CPU
		{464D69A2-EDB8-4CF8-ADDC-26FEA73DAE71}.Release|Any CPU.Build.0 = Release|Any CPU
		{875C5F1B-2209-44F8-B57C-D4ACED4FC3AD}.Debug|Any CPU.ActiveCfg = Debug|Any CPU
		{875C5F1B-2209-44F8-B57C-D4ACED4FC3AD}.Debug|Any CPU.Build.0 = Debug|Any CPU
		{875C5F1B-2209-44F8-B57C-D4ACED4FC3AD}.Release|Any CPU.ActiveCfg = Release|Any CPU
		{875C5F1B-2209-44F8-B57C-D4ACED4FC3AD}.Release|Any CPU.Build.0 = Release|Any CPU
		{1A5C715C-18F2-4971-B878-FEF5CCD6A4C9}.Debug|Any CPU.ActiveCfg = Debug|Any CPU
		{1A5C715C-18F2-4971-B878-FEF5CCD6A4C9}.Debug|Any CPU.Build.0 = Debug|Any CPU
		{1A5C715C-18F2-4971-B878-FEF5CCD6A4C9}.Release|Any CPU.ActiveCfg = Release|Any CPU
		{1A5C715C-18F2-4971-B878-FEF5CCD6A4C9}.Release|Any CPU.Build.0 = Release|Any CPU
		{8AE4D3C6-A1B5-4E8B-A85D-0BFACE49A2DC}.Debug|Any CPU.ActiveCfg = Debug|Any CPU
		{8AE4D3C6-A1B5-4E8B-A85D-0BFACE49A2DC}.Debug|Any CPU.Build.0 = Debug|Any CPU
		{8AE4D3C6-A1B5-4E8B-A85D-0BFACE49A2DC}.Release|Any CPU.ActiveCfg = Release|Any CPU
		{8AE4D3C6-A1B5-4E8B-A85D-0BFACE49A2DC}.Release|Any CPU.Build.0 = Release|Any CPU
	EndGlobalSection
	GlobalSection(SolutionProperties) = preSolution
		HideSolutionNode = FALSE
	EndGlobalSection
	GlobalSection(ExtensibilityGlobals) = postSolution
		SolutionGuid = {4F209760-A06F-4045-BFBD-EC7C85128784}
	EndGlobalSection
EndGlobal
